// !$*UTF8*$!
{
	archiveVersion = 1;
	classes = {
	};
	objectVersion = 46;
	objects = {

/* Begin PBXBuildFile section */
		2E44DAA9185C9AA600C5C1DC /* sound_setting_now.png in Resources */ = {isa = PBXBuildFile; fileRef = 2E44DAA8185C9AA600C5C1DC /* sound_setting_now.png */; };
		2E44DAAC185C9BB900C5C1DC /* record_sound_setting.png in Resources */ = {isa = PBXBuildFile; fileRef = 2E44DAAA185C9BB900C5C1DC /* record_sound_setting.png */; };
		2E44DAAD185C9BB900C5C1DC /* recorded_sound.png in Resources */ = {isa = PBXBuildFile; fileRef = 2E44DAAB185C9BB900C5C1DC /* recorded_sound.png */; };
		2E44DAB0185C9D7000C5C1DC /* setting_sound_image_960.png in Resources */ = {isa = PBXBuildFile; fileRef = 2E44DAAE185C9D7000C5C1DC /* setting_sound_image_960.png */; };
		2E44DAB1185C9D7000C5C1DC /* setting_sound_image_1136.png in Resources */ = {isa = PBXBuildFile; fileRef = 2E44DAAF185C9D7000C5C1DC /* setting_sound_image_1136.png */; };
		2E44DAB3185C9EAE00C5C1DC /* recording_button.png in Resources */ = {isa = PBXBuildFile; fileRef = 2E44DAB2185C9EAE00C5C1DC /* recording_button.png */; };
		2E44DAB7185CA34C00C5C1DC /* SoundsRecordViewController.m in Sources */ = {isa = PBXBuildFile; fileRef = 2E44DAB6185CA34C00C5C1DC /* SoundsRecordViewController.m */; };
		2E44DAB9185CA3FE00C5C1DC /* header_recording.png in Resources */ = {isa = PBXBuildFile; fileRef = 2E44DAB8185CA3FE00C5C1DC /* header_recording.png */; };
		2E44DABC185CA63600C5C1DC /* button_back.png in Resources */ = {isa = PBXBuildFile; fileRef = 2E44DABA185CA63600C5C1DC /* button_back.png */; };
		2E44DABD185CA63600C5C1DC /* button_save.png in Resources */ = {isa = PBXBuildFile; fileRef = 2E44DABB185CA63600C5C1DC /* button_save.png */; };
		2E44DAC0185CA7AA00C5C1DC /* SoundsListViewController.m in Sources */ = {isa = PBXBuildFile; fileRef = 2E44DABF185CA7AA00C5C1DC /* SoundsListViewController.m */; };
		2E44DAC3185CADEC00C5C1DC /* SoundsRepeatViewController.m in Sources */ = {isa = PBXBuildFile; fileRef = 2E44DAC2185CADEC00C5C1DC /* SoundsRepeatViewController.m */; };
		2E44DAC5185CAF7500C5C1DC /* header_sound_list.png in Resources */ = {isa = PBXBuildFile; fileRef = 2E44DAC4185CAF7500C5C1DC /* header_sound_list.png */; };
		2E44DAC7185CB0B900C5C1DC /* header_sound_re.png in Resources */ = {isa = PBXBuildFile; fileRef = 2E44DAC6185CB0B900C5C1DC /* header_sound_re.png */; };
		2E6409C11861EA4F0080E903 /* default01.wav in Resources */ = {isa = PBXBuildFile; fileRef = 2E6409BC1861EA4F0080E903 /* default01.wav */; };
		2E6409C21861EA4F0080E903 /* default02.wav in Resources */ = {isa = PBXBuildFile; fileRef = 2E6409BD1861EA4F0080E903 /* default02.wav */; };
		2E6409C31861EA4F0080E903 /* default03.wav in Resources */ = {isa = PBXBuildFile; fileRef = 2E6409BE1861EA4F0080E903 /* default03.wav */; };
		2E6409C51861EA4F0080E903 /* music.sqlite in Resources */ = {isa = PBXBuildFile; fileRef = 2E6409C01861EA4F0080E903 /* music.sqlite */; };
		2E6409CA1861F60D0080E903 /* check.png in Resources */ = {isa = PBXBuildFile; fileRef = 2E6409C61861F60D0080E903 /* check.png */; };
		2E6409CB1861F60D0080E903 /* list_1.png in Resources */ = {isa = PBXBuildFile; fileRef = 2E6409C71861F60D0080E903 /* list_1.png */; };
		2E6409CC1861F60D0080E903 /* list_2.png in Resources */ = {isa = PBXBuildFile; fileRef = 2E6409C81861F60D0080E903 /* list_2.png */; };
		2E6409CD1861F60D0080E903 /* list_3.png in Resources */ = {isa = PBXBuildFile; fileRef = 2E6409C91861F60D0080E903 /* list_3.png */; };
		2E69360E185DE05B000C95F5 /* recording_bg_2.png in Resources */ = {isa = PBXBuildFile; fileRef = 2E69360C185DE05B000C95F5 /* recording_bg_2.png */; };
		2E69360F185DE05B000C95F5 /* recording_bg.png in Resources */ = {isa = PBXBuildFile; fileRef = 2E69360D185DE05B000C95F5 /* recording_bg.png */; };
		2E693613185DE2D5000C95F5 /* recording_play.png in Resources */ = {isa = PBXBuildFile; fileRef = 2E693610185DE2D5000C95F5 /* recording_play.png */; };
		2E693614185DE2D5000C95F5 /* recording_rec.png in Resources */ = {isa = PBXBuildFile; fileRef = 2E693611185DE2D5000C95F5 /* recording_rec.png */; };
		2E693615185DE2D5000C95F5 /* recording_stop.png in Resources */ = {isa = PBXBuildFile; fileRef = 2E693612185DE2D5000C95F5 /* recording_stop.png */; };
		2E693624185DF7B5000C95F5 /* DBAccress.m in Sources */ = {isa = PBXBuildFile; fileRef = 2E693618185DF7B5000C95F5 /* DBAccress.m */; };
		2E693625185DF7B5000C95F5 /* FMDatabase.m in Sources */ = {isa = PBXBuildFile; fileRef = 2E69361A185DF7B5000C95F5 /* FMDatabase.m */; settings = {COMPILER_FLAGS = "-fno-objc-arc"; }; };
		2E693626185DF7B5000C95F5 /* FMDatabaseAdditions.m in Sources */ = {isa = PBXBuildFile; fileRef = 2E69361C185DF7B5000C95F5 /* FMDatabaseAdditions.m */; settings = {COMPILER_FLAGS = "-fno-objc-arc"; }; };
		2E693627185DF7B5000C95F5 /* FMDatabasePool.m in Sources */ = {isa = PBXBuildFile; fileRef = 2E69361E185DF7B5000C95F5 /* FMDatabasePool.m */; settings = {COMPILER_FLAGS = "-fno-objc-arc"; }; };
		2E693628185DF7B5000C95F5 /* FMDatabaseQueue.m in Sources */ = {isa = PBXBuildFile; fileRef = 2E693620185DF7B5000C95F5 /* FMDatabaseQueue.m */; settings = {COMPILER_FLAGS = "-fno-objc-arc"; }; };
		2E693629185DF7B5000C95F5 /* FMResultSet.m in Sources */ = {isa = PBXBuildFile; fileRef = 2E693622185DF7B5000C95F5 /* FMResultSet.m */; settings = {COMPILER_FLAGS = "-fno-objc-arc"; }; };
		2E69362A185DF7B5000C95F5 /* TmpFile in Resources */ = {isa = PBXBuildFile; fileRef = 2E693623185DF7B5000C95F5 /* TmpFile */; };
		2E69362C185DF8FD000C95F5 /* libsqlite3.dylib in Frameworks */ = {isa = PBXBuildFile; fileRef = 2E69362B185DF8FD000C95F5 /* libsqlite3.dylib */; };
		2EB0A330185C07C000C226DF /* mama_camera_top_1136.png in Resources */ = {isa = PBXBuildFile; fileRef = 2EB0A32E185C07C000C226DF /* mama_camera_top_1136.png */; };
		2EB0A331185C07C000C226DF /* mama_camera_top_960.png in Resources */ = {isa = PBXBuildFile; fileRef = 2EB0A32F185C07C000C226DF /* mama_camera_top_960.png */; };
		2EB0A333185C2FB400C226DF /* header_sound_setting.png in Resources */ = {isa = PBXBuildFile; fileRef = 2EB0A332185C2FB400C226DF /* header_sound_setting.png */; };
		2EB0A335185C37EE00C226DF /* header_share.png in Resources */ = {isa = PBXBuildFile; fileRef = 2EB0A334185C37EE00C226DF /* header_share.png */; };
		2EB0A337185C381600C226DF /* button_top.png in Resources */ = {isa = PBXBuildFile; fileRef = 2EB0A336185C381600C226DF /* button_top.png */; };
		2EB0A339185C567800C226DF /* share_save_pop.png in Resources */ = {isa = PBXBuildFile; fileRef = 2EB0A338185C567800C226DF /* share_save_pop.png */; };
		2EB0A340185C585B00C226DF /* share_arrow.png in Resources */ = {isa = PBXBuildFile; fileRef = 2EB0A33A185C585B00C226DF /* share_arrow.png */; };
		2EB0A341185C585B00C226DF /* share_sns_bg.png in Resources */ = {isa = PBXBuildFile; fileRef = 2EB0A33B185C585B00C226DF /* share_sns_bg.png */; };
		2EB0A342185C585B00C226DF /* share_sns_facebook.png in Resources */ = {isa = PBXBuildFile; fileRef = 2EB0A33C185C585B00C226DF /* share_sns_facebook.png */; };
		2EB0A343185C585B00C226DF /* share_sns_line.png in Resources */ = {isa = PBXBuildFile; fileRef = 2EB0A33D185C585B00C226DF /* share_sns_line.png */; };
		2EB0A344185C585B00C226DF /* share_sns_mail.png in Resources */ = {isa = PBXBuildFile; fileRef = 2EB0A33E185C585B00C226DF /* share_sns_mail.png */; };
		2EB0A345185C585B00C226DF /* share_sns_twitter.png in Resources */ = {isa = PBXBuildFile; fileRef = 2EB0A33F185C585B00C226DF /* share_sns_twitter.png */; };
		2EB0A347185C5A3800C226DF /* share_announce.png in Resources */ = {isa = PBXBuildFile; fileRef = 2EB0A346185C5A3800C226DF /* share_announce.png */; };
		2EB0A349185C745200C226DF /* sleep_mode.png in Resources */ = {isa = PBXBuildFile; fileRef = 2EB0A348185C745200C226DF /* sleep_mode.png */; };
		2EE5AF96186077BA00A35754 /* sound_setting_now_list1.png in Resources */ = {isa = PBXBuildFile; fileRef = 2EE5AF94186077BA00A35754 /* sound_setting_now_list1.png */; };
		2EE5AF97186077BA00A35754 /* sound_setting_now_list2.png in Resources */ = {isa = PBXBuildFile; fileRef = 2EE5AF95186077BA00A35754 /* sound_setting_now_list2.png */; };
		2EE5AF9A1860781000A35754 /* sleep_mode_off.png in Resources */ = {isa = PBXBuildFile; fileRef = 2EE5AF981860781000A35754 /* sleep_mode_off.png */; };
		2EE5AF9B1860781000A35754 /* sleep_mode_on.png in Resources */ = {isa = PBXBuildFile; fileRef = 2EE5AF991860781000A35754 /* sleep_mode_on.png */; };
		2EE5AF9D18608B4600A35754 /* button_camera_roll.png in Resources */ = {isa = PBXBuildFile; fileRef = 2EE5AF9C18608B4600A35754 /* button_camera_roll.png */; };
		354467EE185AD419005AB0D9 /* Foundation.framework in Frameworks */ = {isa = PBXBuildFile; fileRef = 354467ED185AD419005AB0D9 /* Foundation.framework */; };
		354467F0185AD419005AB0D9 /* CoreGraphics.framework in Frameworks */ = {isa = PBXBuildFile; fileRef = 354467EF185AD419005AB0D9 /* CoreGraphics.framework */; };
		354467F2185AD419005AB0D9 /* UIKit.framework in Frameworks */ = {isa = PBXBuildFile; fileRef = 354467F1185AD419005AB0D9 /* UIKit.framework */; };
		354467F8185AD419005AB0D9 /* InfoPlist.strings in Resources */ = {isa = PBXBuildFile; fileRef = 354467F6185AD419005AB0D9 /* InfoPlist.strings */; };
		354467FA185AD419005AB0D9 /* main.m in Sources */ = {isa = PBXBuildFile; fileRef = 354467F9185AD419005AB0D9 /* main.m */; };
		354467FE185AD419005AB0D9 /* AppDelegate.m in Sources */ = {isa = PBXBuildFile; fileRef = 354467FD185AD419005AB0D9 /* AppDelegate.m */; };
		35446801185AD419005AB0D9 /* Main.storyboard in Resources */ = {isa = PBXBuildFile; fileRef = 354467FF185AD419005AB0D9 /* Main.storyboard */; };
		35446804185AD419005AB0D9 /* ViewController.m in Sources */ = {isa = PBXBuildFile; fileRef = 35446803185AD419005AB0D9 /* ViewController.m */; };
		35446806185AD419005AB0D9 /* Images.xcassets in Resources */ = {isa = PBXBuildFile; fileRef = 35446805185AD419005AB0D9 /* Images.xcassets */; };
		3544680D185AD419005AB0D9 /* XCTest.framework in Frameworks */ = {isa = PBXBuildFile; fileRef = 3544680C185AD419005AB0D9 /* XCTest.framework */; };
		3544680E185AD419005AB0D9 /* Foundation.framework in Frameworks */ = {isa = PBXBuildFile; fileRef = 354467ED185AD419005AB0D9 /* Foundation.framework */; };
		3544680F185AD419005AB0D9 /* UIKit.framework in Frameworks */ = {isa = PBXBuildFile; fileRef = 354467F1185AD419005AB0D9 /* UIKit.framework */; };
		35446817185AD419005AB0D9 /* InfoPlist.strings in Resources */ = {isa = PBXBuildFile; fileRef = 35446815185AD419005AB0D9 /* InfoPlist.strings */; };
		35446819185AD419005AB0D9 /* TheMusicCameraTests.m in Sources */ = {isa = PBXBuildFile; fileRef = 35446818185AD419005AB0D9 /* TheMusicCameraTests.m */; };
		356E6A51185AD70F002A1014 /* icon-60@2x.png in Resources */ = {isa = PBXBuildFile; fileRef = 356E6A42185AD70F002A1014 /* icon-60@2x.png */; };
		356E6A52185AD70F002A1014 /* icon-72.png in Resources */ = {isa = PBXBuildFile; fileRef = 356E6A43185AD70F002A1014 /* icon-72.png */; };
		356E6A53185AD70F002A1014 /* Icon-72@2x.png in Resources */ = {isa = PBXBuildFile; fileRef = 356E6A44185AD70F002A1014 /* Icon-72@2x.png */; };
		356E6A54185AD70F002A1014 /* icon-76.png in Resources */ = {isa = PBXBuildFile; fileRef = 356E6A45185AD70F002A1014 /* icon-76.png */; };
		356E6A55185AD70F002A1014 /* icon-76@2x.png in Resources */ = {isa = PBXBuildFile; fileRef = 356E6A46185AD70F002A1014 /* icon-76@2x.png */; };
		356E6A56185AD70F002A1014 /* Icon-Small-40.png in Resources */ = {isa = PBXBuildFile; fileRef = 356E6A47185AD70F002A1014 /* Icon-Small-40.png */; };
		356E6A57185AD70F002A1014 /* Icon-Small-40@2x.png in Resources */ = {isa = PBXBuildFile; fileRef = 356E6A48185AD70F002A1014 /* Icon-Small-40@2x.png */; };
		356E6A58185AD70F002A1014 /* icon-small-50.png in Resources */ = {isa = PBXBuildFile; fileRef = 356E6A49185AD70F002A1014 /* icon-small-50.png */; };
		356E6A59185AD70F002A1014 /* Icon-Small-50@2x.png in Resources */ = {isa = PBXBuildFile; fileRef = 356E6A4A185AD70F002A1014 /* Icon-Small-50@2x.png */; };
		356E6A5A185AD70F002A1014 /* icon-small.png in Resources */ = {isa = PBXBuildFile; fileRef = 356E6A4B185AD70F002A1014 /* icon-small.png */; };
		356E6A5B185AD70F002A1014 /* icon-small@2x.png in Resources */ = {isa = PBXBuildFile; fileRef = 356E6A4C185AD70F002A1014 /* icon-small@2x.png */; };
		356E6A5C185AD70F002A1014 /* icon.png in Resources */ = {isa = PBXBuildFile; fileRef = 356E6A4D185AD70F002A1014 /* icon.png */; };
		356E6A5D185AD70F002A1014 /* icon@2x.png in Resources */ = {isa = PBXBuildFile; fileRef = 356E6A4E185AD70F002A1014 /* icon@2x.png */; };
		356E6A5E185AD70F002A1014 /* icon_117.png in Resources */ = {isa = PBXBuildFile; fileRef = 356E6A4F185AD70F002A1014 /* icon_117.png */; };
		356E6A5F185AD70F002A1014 /* iTunesArtwork.png in Resources */ = {isa = PBXBuildFile; fileRef = 356E6A50185AD70F002A1014 /* iTunesArtwork.png */; };
		356E6A65185AD973002A1014 /* GTTabBar.m in Sources */ = {isa = PBXBuildFile; fileRef = 356E6A62185AD973002A1014 /* GTTabBar.m */; };
		356E6A66185AD973002A1014 /* GTTabBarController.m in Sources */ = {isa = PBXBuildFile; fileRef = 356E6A64185AD973002A1014 /* GTTabBarController.m */; };
		356E6A69185ADE2A002A1014 /* BeautifiedPictureViewController.m in Sources */ = {isa = PBXBuildFile; fileRef = 356E6A68185ADE2A002A1014 /* BeautifiedPictureViewController.m */; };
		356E6A6C185ADE5E002A1014 /* SoundsViewController.m in Sources */ = {isa = PBXBuildFile; fileRef = 356E6A6B185ADE5E002A1014 /* SoundsViewController.m */; };
		356E6A6F185ADE76002A1014 /* PhontoViewController.m in Sources */ = {isa = PBXBuildFile; fileRef = 356E6A6E185ADE76002A1014 /* PhontoViewController.m */; };
		356E6A72185ADE88002A1014 /* SettingViewController.m in Sources */ = {isa = PBXBuildFile; fileRef = 356E6A71185ADE88002A1014 /* SettingViewController.m */; };
		356E6A75185ADE97002A1014 /* ShareViewController.m in Sources */ = {isa = PBXBuildFile; fileRef = 356E6A74185ADE97002A1014 /* ShareViewController.m */; };
		356E6A80185AE23E002A1014 /* main_tab_camera.png in Resources */ = {isa = PBXBuildFile; fileRef = 356E6A77185AE23E002A1014 /* main_tab_camera.png */; };
		356E6A81185AE23E002A1014 /* main_tab_decoration_off.png in Resources */ = {isa = PBXBuildFile; fileRef = 356E6A78185AE23E002A1014 /* main_tab_decoration_off.png */; };
		356E6A82185AE23E002A1014 /* main_tab_decoration_on.png in Resources */ = {isa = PBXBuildFile; fileRef = 356E6A79185AE23E002A1014 /* main_tab_decoration_on.png */; };
		356E6A83185AE23E002A1014 /* main_tab_osusume_off.png in Resources */ = {isa = PBXBuildFile; fileRef = 356E6A7A185AE23E002A1014 /* main_tab_osusume_off.png */; };
		356E6A84185AE23E002A1014 /* main_tab_osusume_on.png in Resources */ = {isa = PBXBuildFile; fileRef = 356E6A7B185AE23E002A1014 /* main_tab_osusume_on.png */; };
		356E6A85185AE23E002A1014 /* main_tab_setting_off.png in Resources */ = {isa = PBXBuildFile; fileRef = 356E6A7C185AE23E002A1014 /* main_tab_setting_off.png */; };
		356E6A86185AE23E002A1014 /* main_tab_setting_on.png in Resources */ = {isa = PBXBuildFile; fileRef = 356E6A7D185AE23E002A1014 /* main_tab_setting_on.png */; };
		356E6A87185AE23E002A1014 /* main_tab_sound_off.png in Resources */ = {isa = PBXBuildFile; fileRef = 356E6A7E185AE23E002A1014 /* main_tab_sound_off.png */; };
		356E6A88185AE23E002A1014 /* main_tab_sound_on.png in Resources */ = {isa = PBXBuildFile; fileRef = 356E6A7F185AE23E002A1014 /* main_tab_sound_on.png */; };
		356E6A8E185B15FC002A1014 /* DataManager.m in Sources */ = {isa = PBXBuildFile; fileRef = 356E6A8D185B15FB002A1014 /* DataManager.m */; };
		35ADB3D91861B9DF009647C8 /* Music.m in Sources */ = {isa = PBXBuildFile; fileRef = 35ADB3D81861B9DF009647C8 /* Music.m */; };
		9571A20D185C917A003D3285 /* camera.storyboard in Resources */ = {isa = PBXBuildFile; fileRef = 9571A20C185C917A003D3285 /* camera.storyboard */; };
		9571A219185C975D003D3285 /* shoot_camera_button_1.png in Resources */ = {isa = PBXBuildFile; fileRef = 9571A20E185C975D003D3285 /* shoot_camera_button_1.png */; };
		9571A21A185C975D003D3285 /* shoot_camera_button_2.png in Resources */ = {isa = PBXBuildFile; fileRef = 9571A20F185C975D003D3285 /* shoot_camera_button_2.png */; };
		9571A21B185C975D003D3285 /* shoot_camera_button_bg.png in Resources */ = {isa = PBXBuildFile; fileRef = 9571A210185C975D003D3285 /* shoot_camera_button_bg.png */; };
		9571A21C185C975D003D3285 /* shoot_sound_button.png in Resources */ = {isa = PBXBuildFile; fileRef = 9571A211185C975D003D3285 /* shoot_sound_button.png */; };
		9571A21D185C975D003D3285 /* shot_back.png in Resources */ = {isa = PBXBuildFile; fileRef = 9571A212185C975D003D3285 /* shot_back.png */; };
		9571A21E185C975D003D3285 /* shot_button_bg.png in Resources */ = {isa = PBXBuildFile; fileRef = 9571A213185C975D003D3285 /* shot_button_bg.png */; };
		9571A21F185C975D003D3285 /* shot_flash_off.png in Resources */ = {isa = PBXBuildFile; fileRef = 9571A214185C975D003D3285 /* shot_flash_off.png */; };
		9571A220185C975D003D3285 /* shot_flash_on.png in Resources */ = {isa = PBXBuildFile; fileRef = 9571A215185C975D003D3285 /* shot_flash_on.png */; };
		9571A221185C975D003D3285 /* shot_kirikae.png in Resources */ = {isa = PBXBuildFile; fileRef = 9571A216185C975D003D3285 /* shot_kirikae.png */; };
		9571A222185C975D003D3285 /* shot_size_1_1.png in Resources */ = {isa = PBXBuildFile; fileRef = 9571A217185C975D003D3285 /* shot_size_1_1.png */; };
		9571A223185C975D003D3285 /* shot_size_4_3.png in Resources */ = {isa = PBXBuildFile; fileRef = 9571A218185C975D003D3285 /* shot_size_4_3.png */; };
		9571A226185C9C3A003D3285 /* CameraController.m in Sources */ = {isa = PBXBuildFile; fileRef = 9571A225185C9C3A003D3285 /* CameraController.m */; };
		9571A445185CA0A6003D3285 /* ImageIO.framework in Frameworks */ = {isa = PBXBuildFile; fileRef = 9571A444185CA0A6003D3285 /* ImageIO.framework */; };
		9571A447185CA0AD003D3285 /* OpenGLES.framework in Frameworks */ = {isa = PBXBuildFile; fileRef = 9571A446185CA0AD003D3285 /* OpenGLES.framework */; };
		9571A449185CA0B3003D3285 /* AVFoundation.framework in Frameworks */ = {isa = PBXBuildFile; fileRef = 9571A448185CA0B3003D3285 /* AVFoundation.framework */; };
		9571A44B185CA0BC003D3285 /* CoreMedia.framework in Frameworks */ = {isa = PBXBuildFile; fileRef = 9571A44A185CA0BC003D3285 /* CoreMedia.framework */; };
		9571A44D185CA0C4003D3285 /* CoreVideo.framework in Frameworks */ = {isa = PBXBuildFile; fileRef = 9571A44C185CA0C4003D3285 /* CoreVideo.framework */; };
		9571A44F185CA0CD003D3285 /* QuartzCore.framework in Frameworks */ = {isa = PBXBuildFile; fileRef = 9571A44E185CA0CD003D3285 /* QuartzCore.framework */; };
/* End PBXBuildFile section */

/* Begin PBXContainerItemProxy section */
		35446810185AD419005AB0D9 /* PBXContainerItemProxy */ = {
			isa = PBXContainerItemProxy;
			containerPortal = 354467E2185AD419005AB0D9 /* Project object */;
			proxyType = 1;
			remoteGlobalIDString = 354467E9185AD419005AB0D9;
			remoteInfo = TheMusicCamera;
		};
/* End PBXContainerItemProxy section */

/* Begin PBXFileReference section */
		2E44DAA8185C9AA600C5C1DC /* sound_setting_now.png */ = {isa = PBXFileReference; lastKnownFileType = image.png; path = sound_setting_now.png; sourceTree = "<group>"; };
		2E44DAAA185C9BB900C5C1DC /* record_sound_setting.png */ = {isa = PBXFileReference; lastKnownFileType = image.png; path = record_sound_setting.png; sourceTree = "<group>"; };
		2E44DAAB185C9BB900C5C1DC /* recorded_sound.png */ = {isa = PBXFileReference; lastKnownFileType = image.png; path = recorded_sound.png; sourceTree = "<group>"; };
		2E44DAAE185C9D7000C5C1DC /* setting_sound_image_960.png */ = {isa = PBXFileReference; lastKnownFileType = image.png; path = setting_sound_image_960.png; sourceTree = "<group>"; };
		2E44DAAF185C9D7000C5C1DC /* setting_sound_image_1136.png */ = {isa = PBXFileReference; lastKnownFileType = image.png; path = setting_sound_image_1136.png; sourceTree = "<group>"; };
		2E44DAB2185C9EAE00C5C1DC /* recording_button.png */ = {isa = PBXFileReference; lastKnownFileType = image.png; path = recording_button.png; sourceTree = "<group>"; };
		2E44DAB5185CA34C00C5C1DC /* SoundsRecordViewController.h */ = {isa = PBXFileReference; fileEncoding = 4; lastKnownFileType = sourcecode.c.h; path = SoundsRecordViewController.h; sourceTree = "<group>"; };
		2E44DAB6185CA34C00C5C1DC /* SoundsRecordViewController.m */ = {isa = PBXFileReference; fileEncoding = 4; lastKnownFileType = sourcecode.c.objc; path = SoundsRecordViewController.m; sourceTree = "<group>"; };
		2E44DAB8185CA3FE00C5C1DC /* header_recording.png */ = {isa = PBXFileReference; lastKnownFileType = image.png; path = header_recording.png; sourceTree = "<group>"; };
		2E44DABA185CA63600C5C1DC /* button_back.png */ = {isa = PBXFileReference; lastKnownFileType = image.png; path = button_back.png; sourceTree = "<group>"; };
		2E44DABB185CA63600C5C1DC /* button_save.png */ = {isa = PBXFileReference; lastKnownFileType = image.png; path = button_save.png; sourceTree = "<group>"; };
		2E44DABE185CA7A900C5C1DC /* SoundsListViewController.h */ = {isa = PBXFileReference; fileEncoding = 4; lastKnownFileType = sourcecode.c.h; path = SoundsListViewController.h; sourceTree = "<group>"; };
		2E44DABF185CA7AA00C5C1DC /* SoundsListViewController.m */ = {isa = PBXFileReference; fileEncoding = 4; lastKnownFileType = sourcecode.c.objc; path = SoundsListViewController.m; sourceTree = "<group>"; };
		2E44DAC1185CADEC00C5C1DC /* SoundsRepeatViewController.h */ = {isa = PBXFileReference; fileEncoding = 4; lastKnownFileType = sourcecode.c.h; path = SoundsRepeatViewController.h; sourceTree = "<group>"; };
		2E44DAC2185CADEC00C5C1DC /* SoundsRepeatViewController.m */ = {isa = PBXFileReference; fileEncoding = 4; lastKnownFileType = sourcecode.c.objc; path = SoundsRepeatViewController.m; sourceTree = "<group>"; };
		2E44DAC4185CAF7500C5C1DC /* header_sound_list.png */ = {isa = PBXFileReference; lastKnownFileType = image.png; path = header_sound_list.png; sourceTree = "<group>"; };
		2E44DAC6185CB0B900C5C1DC /* header_sound_re.png */ = {isa = PBXFileReference; lastKnownFileType = image.png; path = header_sound_re.png; sourceTree = "<group>"; };
		2E6409BC1861EA4F0080E903 /* default01.wav */ = {isa = PBXFileReference; lastKnownFileType = audio.wav; path = default01.wav; sourceTree = "<group>"; };
		2E6409BD1861EA4F0080E903 /* default02.wav */ = {isa = PBXFileReference; lastKnownFileType = audio.wav; path = default02.wav; sourceTree = "<group>"; };
		2E6409BE1861EA4F0080E903 /* default03.wav */ = {isa = PBXFileReference; lastKnownFileType = audio.wav; path = default03.wav; sourceTree = "<group>"; };
		2E6409C01861EA4F0080E903 /* music.sqlite */ = {isa = PBXFileReference; lastKnownFileType = file; path = music.sqlite; sourceTree = "<group>"; };
		2E6409C61861F60D0080E903 /* check.png */ = {isa = PBXFileReference; lastKnownFileType = image.png; path = check.png; sourceTree = "<group>"; };
		2E6409C71861F60D0080E903 /* list_1.png */ = {isa = PBXFileReference; lastKnownFileType = image.png; path = list_1.png; sourceTree = "<group>"; };
		2E6409C81861F60D0080E903 /* list_2.png */ = {isa = PBXFileReference; lastKnownFileType = image.png; path = list_2.png; sourceTree = "<group>"; };
		2E6409C91861F60D0080E903 /* list_3.png */ = {isa = PBXFileReference; lastKnownFileType = image.png; path = list_3.png; sourceTree = "<group>"; };
		2E69360C185DE05B000C95F5 /* recording_bg_2.png */ = {isa = PBXFileReference; lastKnownFileType = image.png; path = recording_bg_2.png; sourceTree = "<group>"; };
		2E69360D185DE05B000C95F5 /* recording_bg.png */ = {isa = PBXFileReference; lastKnownFileType = image.png; path = recording_bg.png; sourceTree = "<group>"; };
		2E693610185DE2D5000C95F5 /* recording_play.png */ = {isa = PBXFileReference; lastKnownFileType = image.png; path = recording_play.png; sourceTree = "<group>"; };
		2E693611185DE2D5000C95F5 /* recording_rec.png */ = {isa = PBXFileReference; lastKnownFileType = image.png; path = recording_rec.png; sourceTree = "<group>"; };
		2E693612185DE2D5000C95F5 /* recording_stop.png */ = {isa = PBXFileReference; lastKnownFileType = image.png; path = recording_stop.png; sourceTree = "<group>"; };
		2E693617185DF7B5000C95F5 /* DBAccress.h */ = {isa = PBXFileReference; fileEncoding = 4; lastKnownFileType = sourcecode.c.h; path = DBAccress.h; sourceTree = "<group>"; };
		2E693618185DF7B5000C95F5 /* DBAccress.m */ = {isa = PBXFileReference; fileEncoding = 4; lastKnownFileType = sourcecode.c.objc; path = DBAccress.m; sourceTree = "<group>"; };
		2E693619185DF7B5000C95F5 /* FMDatabase.h */ = {isa = PBXFileReference; fileEncoding = 4; lastKnownFileType = sourcecode.c.h; path = FMDatabase.h; sourceTree = "<group>"; };
		2E69361A185DF7B5000C95F5 /* FMDatabase.m */ = {isa = PBXFileReference; fileEncoding = 4; lastKnownFileType = sourcecode.c.objc; path = FMDatabase.m; sourceTree = "<group>"; };
		2E69361B185DF7B5000C95F5 /* FMDatabaseAdditions.h */ = {isa = PBXFileReference; fileEncoding = 4; lastKnownFileType = sourcecode.c.h; path = FMDatabaseAdditions.h; sourceTree = "<group>"; };
		2E69361C185DF7B5000C95F5 /* FMDatabaseAdditions.m */ = {isa = PBXFileReference; fileEncoding = 4; lastKnownFileType = sourcecode.c.objc; path = FMDatabaseAdditions.m; sourceTree = "<group>"; };
		2E69361D185DF7B5000C95F5 /* FMDatabasePool.h */ = {isa = PBXFileReference; fileEncoding = 4; lastKnownFileType = sourcecode.c.h; path = FMDatabasePool.h; sourceTree = "<group>"; };
		2E69361E185DF7B5000C95F5 /* FMDatabasePool.m */ = {isa = PBXFileReference; fileEncoding = 4; lastKnownFileType = sourcecode.c.objc; path = FMDatabasePool.m; sourceTree = "<group>"; };
		2E69361F185DF7B5000C95F5 /* FMDatabaseQueue.h */ = {isa = PBXFileReference; fileEncoding = 4; lastKnownFileType = sourcecode.c.h; path = FMDatabaseQueue.h; sourceTree = "<group>"; };
		2E693620185DF7B5000C95F5 /* FMDatabaseQueue.m */ = {isa = PBXFileReference; fileEncoding = 4; lastKnownFileType = sourcecode.c.objc; path = FMDatabaseQueue.m; sourceTree = "<group>"; };
		2E693621185DF7B5000C95F5 /* FMResultSet.h */ = {isa = PBXFileReference; fileEncoding = 4; lastKnownFileType = sourcecode.c.h; path = FMResultSet.h; sourceTree = "<group>"; };
		2E693622185DF7B5000C95F5 /* FMResultSet.m */ = {isa = PBXFileReference; fileEncoding = 4; lastKnownFileType = sourcecode.c.objc; path = FMResultSet.m; sourceTree = "<group>"; };
		2E693623185DF7B5000C95F5 /* TmpFile */ = {isa = PBXFileReference; fileEncoding = 4; lastKnownFileType = text; path = TmpFile; sourceTree = "<group>"; };
		2E69362B185DF8FD000C95F5 /* libsqlite3.dylib */ = {isa = PBXFileReference; lastKnownFileType = "compiled.mach-o.dylib"; name = libsqlite3.dylib; path = usr/lib/libsqlite3.dylib; sourceTree = SDKROOT; };
		2EB0A32E185C07C000C226DF /* mama_camera_top_1136.png */ = {isa = PBXFileReference; lastKnownFileType = image.png; path = mama_camera_top_1136.png; sourceTree = "<group>"; };
		2EB0A32F185C07C000C226DF /* mama_camera_top_960.png */ = {isa = PBXFileReference; lastKnownFileType = image.png; path = mama_camera_top_960.png; sourceTree = "<group>"; };
		2EB0A332185C2FB400C226DF /* header_sound_setting.png */ = {isa = PBXFileReference; lastKnownFileType = image.png; path = header_sound_setting.png; sourceTree = "<group>"; };
		2EB0A334185C37EE00C226DF /* header_share.png */ = {isa = PBXFileReference; lastKnownFileType = image.png; path = header_share.png; sourceTree = "<group>"; };
		2EB0A336185C381600C226DF /* button_top.png */ = {isa = PBXFileReference; lastKnownFileType = image.png; path = button_top.png; sourceTree = "<group>"; };
		2EB0A338185C567800C226DF /* share_save_pop.png */ = {isa = PBXFileReference; lastKnownFileType = image.png; path = share_save_pop.png; sourceTree = "<group>"; };
		2EB0A33A185C585B00C226DF /* share_arrow.png */ = {isa = PBXFileReference; lastKnownFileType = image.png; path = share_arrow.png; sourceTree = "<group>"; };
		2EB0A33B185C585B00C226DF /* share_sns_bg.png */ = {isa = PBXFileReference; lastKnownFileType = image.png; path = share_sns_bg.png; sourceTree = "<group>"; };
		2EB0A33C185C585B00C226DF /* share_sns_facebook.png */ = {isa = PBXFileReference; lastKnownFileType = image.png; path = share_sns_facebook.png; sourceTree = "<group>"; };
		2EB0A33D185C585B00C226DF /* share_sns_line.png */ = {isa = PBXFileReference; lastKnownFileType = image.png; path = share_sns_line.png; sourceTree = "<group>"; };
		2EB0A33E185C585B00C226DF /* share_sns_mail.png */ = {isa = PBXFileReference; lastKnownFileType = image.png; path = share_sns_mail.png; sourceTree = "<group>"; };
		2EB0A33F185C585B00C226DF /* share_sns_twitter.png */ = {isa = PBXFileReference; lastKnownFileType = image.png; path = share_sns_twitter.png; sourceTree = "<group>"; };
		2EB0A346185C5A3800C226DF /* share_announce.png */ = {isa = PBXFileReference; lastKnownFileType = image.png; path = share_announce.png; sourceTree = "<group>"; };
		2EB0A348185C745200C226DF /* sleep_mode.png */ = {isa = PBXFileReference; lastKnownFileType = image.png; path = sleep_mode.png; sourceTree = "<group>"; };
		2EE5AF94186077BA00A35754 /* sound_setting_now_list1.png */ = {isa = PBXFileReference; lastKnownFileType = image.png; path = sound_setting_now_list1.png; sourceTree = "<group>"; };
		2EE5AF95186077BA00A35754 /* sound_setting_now_list2.png */ = {isa = PBXFileReference; lastKnownFileType = image.png; path = sound_setting_now_list2.png; sourceTree = "<group>"; };
		2EE5AF981860781000A35754 /* sleep_mode_off.png */ = {isa = PBXFileReference; lastKnownFileType = image.png; path = sleep_mode_off.png; sourceTree = "<group>"; };
		2EE5AF991860781000A35754 /* sleep_mode_on.png */ = {isa = PBXFileReference; lastKnownFileType = image.png; path = sleep_mode_on.png; sourceTree = "<group>"; };
		2EE5AF9C18608B4600A35754 /* button_camera_roll.png */ = {isa = PBXFileReference; lastKnownFileType = image.png; path = button_camera_roll.png; sourceTree = "<group>"; };
		354467EA185AD419005AB0D9 /* TheMusicCamera.app */ = {isa = PBXFileReference; explicitFileType = wrapper.application; includeInIndex = 0; path = TheMusicCamera.app; sourceTree = BUILT_PRODUCTS_DIR; };
		354467ED185AD419005AB0D9 /* Foundation.framework */ = {isa = PBXFileReference; lastKnownFileType = wrapper.framework; name = Foundation.framework; path = System/Library/Frameworks/Foundation.framework; sourceTree = SDKROOT; };
		354467EF185AD419005AB0D9 /* CoreGraphics.framework */ = {isa = PBXFileReference; lastKnownFileType = wrapper.framework; name = CoreGraphics.framework; path = System/Library/Frameworks/CoreGraphics.framework; sourceTree = SDKROOT; };
		354467F1185AD419005AB0D9 /* UIKit.framework */ = {isa = PBXFileReference; lastKnownFileType = wrapper.framework; name = UIKit.framework; path = System/Library/Frameworks/UIKit.framework; sourceTree = SDKROOT; };
		354467F5185AD419005AB0D9 /* TheMusicCamera-Info.plist */ = {isa = PBXFileReference; lastKnownFileType = text.plist.xml; path = "TheMusicCamera-Info.plist"; sourceTree = "<group>"; };
		354467F7185AD419005AB0D9 /* en */ = {isa = PBXFileReference; lastKnownFileType = text.plist.strings; name = en; path = en.lproj/InfoPlist.strings; sourceTree = "<group>"; };
		354467F9185AD419005AB0D9 /* main.m */ = {isa = PBXFileReference; lastKnownFileType = sourcecode.c.objc; path = main.m; sourceTree = "<group>"; };
		354467FB185AD419005AB0D9 /* TheMusicCamera-Prefix.pch */ = {isa = PBXFileReference; lastKnownFileType = sourcecode.c.h; path = "TheMusicCamera-Prefix.pch"; sourceTree = "<group>"; };
		354467FC185AD419005AB0D9 /* AppDelegate.h */ = {isa = PBXFileReference; lastKnownFileType = sourcecode.c.h; path = AppDelegate.h; sourceTree = "<group>"; };
		354467FD185AD419005AB0D9 /* AppDelegate.m */ = {isa = PBXFileReference; lastKnownFileType = sourcecode.c.objc; path = AppDelegate.m; sourceTree = "<group>"; };
		35446800185AD419005AB0D9 /* Base */ = {isa = PBXFileReference; lastKnownFileType = file.storyboard; name = Base; path = Base.lproj/Main.storyboard; sourceTree = "<group>"; };
		35446802185AD419005AB0D9 /* ViewController.h */ = {isa = PBXFileReference; lastKnownFileType = sourcecode.c.h; path = ViewController.h; sourceTree = "<group>"; };
		35446803185AD419005AB0D9 /* ViewController.m */ = {isa = PBXFileReference; lastKnownFileType = sourcecode.c.objc; path = ViewController.m; sourceTree = "<group>"; };
		35446805185AD419005AB0D9 /* Images.xcassets */ = {isa = PBXFileReference; lastKnownFileType = folder.assetcatalog; path = Images.xcassets; sourceTree = "<group>"; };
		3544680B185AD419005AB0D9 /* TheMusicCameraTests.xctest */ = {isa = PBXFileReference; explicitFileType = wrapper.cfbundle; includeInIndex = 0; path = TheMusicCameraTests.xctest; sourceTree = BUILT_PRODUCTS_DIR; };
		3544680C185AD419005AB0D9 /* XCTest.framework */ = {isa = PBXFileReference; lastKnownFileType = wrapper.framework; name = XCTest.framework; path = Library/Frameworks/XCTest.framework; sourceTree = DEVELOPER_DIR; };
		35446814185AD419005AB0D9 /* TheMusicCameraTests-Info.plist */ = {isa = PBXFileReference; lastKnownFileType = text.plist.xml; path = "TheMusicCameraTests-Info.plist"; sourceTree = "<group>"; };
		35446816185AD419005AB0D9 /* en */ = {isa = PBXFileReference; lastKnownFileType = text.plist.strings; name = en; path = en.lproj/InfoPlist.strings; sourceTree = "<group>"; };
		35446818185AD419005AB0D9 /* TheMusicCameraTests.m */ = {isa = PBXFileReference; lastKnownFileType = sourcecode.c.objc; path = TheMusicCameraTests.m; sourceTree = "<group>"; };
		356E6A42185AD70F002A1014 /* icon-60@2x.png */ = {isa = PBXFileReference; lastKnownFileType = image.png; path = "icon-60@2x.png"; sourceTree = "<group>"; };
		356E6A43185AD70F002A1014 /* icon-72.png */ = {isa = PBXFileReference; lastKnownFileType = image.png; path = "icon-72.png"; sourceTree = "<group>"; };
		356E6A44185AD70F002A1014 /* Icon-72@2x.png */ = {isa = PBXFileReference; lastKnownFileType = image.png; path = "Icon-72@2x.png"; sourceTree = "<group>"; };
		356E6A45185AD70F002A1014 /* icon-76.png */ = {isa = PBXFileReference; lastKnownFileType = image.png; path = "icon-76.png"; sourceTree = "<group>"; };
		356E6A46185AD70F002A1014 /* icon-76@2x.png */ = {isa = PBXFileReference; lastKnownFileType = image.png; path = "icon-76@2x.png"; sourceTree = "<group>"; };
		356E6A47185AD70F002A1014 /* Icon-Small-40.png */ = {isa = PBXFileReference; lastKnownFileType = image.png; path = "Icon-Small-40.png"; sourceTree = "<group>"; };
		356E6A48185AD70F002A1014 /* Icon-Small-40@2x.png */ = {isa = PBXFileReference; lastKnownFileType = image.png; path = "Icon-Small-40@2x.png"; sourceTree = "<group>"; };
		356E6A49185AD70F002A1014 /* icon-small-50.png */ = {isa = PBXFileReference; lastKnownFileType = image.png; path = "icon-small-50.png"; sourceTree = "<group>"; };
		356E6A4A185AD70F002A1014 /* Icon-Small-50@2x.png */ = {isa = PBXFileReference; lastKnownFileType = image.png; path = "Icon-Small-50@2x.png"; sourceTree = "<group>"; };
		356E6A4B185AD70F002A1014 /* icon-small.png */ = {isa = PBXFileReference; lastKnownFileType = image.png; path = "icon-small.png"; sourceTree = "<group>"; };
		356E6A4C185AD70F002A1014 /* icon-small@2x.png */ = {isa = PBXFileReference; lastKnownFileType = image.png; path = "icon-small@2x.png"; sourceTree = "<group>"; };
		356E6A4D185AD70F002A1014 /* icon.png */ = {isa = PBXFileReference; lastKnownFileType = image.png; path = icon.png; sourceTree = "<group>"; };
		356E6A4E185AD70F002A1014 /* icon@2x.png */ = {isa = PBXFileReference; lastKnownFileType = image.png; path = "icon@2x.png"; sourceTree = "<group>"; };
		356E6A4F185AD70F002A1014 /* icon_117.png */ = {isa = PBXFileReference; lastKnownFileType = image.png; path = icon_117.png; sourceTree = "<group>"; };
		356E6A50185AD70F002A1014 /* iTunesArtwork.png */ = {isa = PBXFileReference; lastKnownFileType = image.png; path = iTunesArtwork.png; sourceTree = "<group>"; };
		356E6A61185AD973002A1014 /* GTTabBar.h */ = {isa = PBXFileReference; fileEncoding = 4; lastKnownFileType = sourcecode.c.h; path = GTTabBar.h; sourceTree = "<group>"; };
		356E6A62185AD973002A1014 /* GTTabBar.m */ = {isa = PBXFileReference; fileEncoding = 4; lastKnownFileType = sourcecode.c.objc; path = GTTabBar.m; sourceTree = "<group>"; };
		356E6A63185AD973002A1014 /* GTTabBarController.h */ = {isa = PBXFileReference; fileEncoding = 4; lastKnownFileType = sourcecode.c.h; path = GTTabBarController.h; sourceTree = "<group>"; };
		356E6A64185AD973002A1014 /* GTTabBarController.m */ = {isa = PBXFileReference; fileEncoding = 4; lastKnownFileType = sourcecode.c.objc; path = GTTabBarController.m; sourceTree = "<group>"; };
		356E6A67185ADE2A002A1014 /* BeautifiedPictureViewController.h */ = {isa = PBXFileReference; fileEncoding = 4; lastKnownFileType = sourcecode.c.h; path = BeautifiedPictureViewController.h; sourceTree = "<group>"; };
		356E6A68185ADE2A002A1014 /* BeautifiedPictureViewController.m */ = {isa = PBXFileReference; fileEncoding = 4; lastKnownFileType = sourcecode.c.objc; path = BeautifiedPictureViewController.m; sourceTree = "<group>"; };
		356E6A6A185ADE5E002A1014 /* SoundsViewController.h */ = {isa = PBXFileReference; fileEncoding = 4; lastKnownFileType = sourcecode.c.h; path = SoundsViewController.h; sourceTree = "<group>"; };
		356E6A6B185ADE5E002A1014 /* SoundsViewController.m */ = {isa = PBXFileReference; fileEncoding = 4; lastKnownFileType = sourcecode.c.objc; path = SoundsViewController.m; sourceTree = "<group>"; };
		356E6A6D185ADE76002A1014 /* PhontoViewController.h */ = {isa = PBXFileReference; fileEncoding = 4; lastKnownFileType = sourcecode.c.h; path = PhontoViewController.h; sourceTree = "<group>"; };
		356E6A6E185ADE76002A1014 /* PhontoViewController.m */ = {isa = PBXFileReference; fileEncoding = 4; lastKnownFileType = sourcecode.c.objc; path = PhontoViewController.m; sourceTree = "<group>"; };
		356E6A70185ADE88002A1014 /* SettingViewController.h */ = {isa = PBXFileReference; fileEncoding = 4; lastKnownFileType = sourcecode.c.h; path = SettingViewController.h; sourceTree = "<group>"; };
		356E6A71185ADE88002A1014 /* SettingViewController.m */ = {isa = PBXFileReference; fileEncoding = 4; lastKnownFileType = sourcecode.c.objc; path = SettingViewController.m; sourceTree = "<group>"; };
		356E6A73185ADE97002A1014 /* ShareViewController.h */ = {isa = PBXFileReference; fileEncoding = 4; lastKnownFileType = sourcecode.c.h; path = ShareViewController.h; sourceTree = "<group>"; };
		356E6A74185ADE97002A1014 /* ShareViewController.m */ = {isa = PBXFileReference; fileEncoding = 4; lastKnownFileType = sourcecode.c.objc; path = ShareViewController.m; sourceTree = "<group>"; };
		356E6A77185AE23E002A1014 /* main_tab_camera.png */ = {isa = PBXFileReference; lastKnownFileType = image.png; path = main_tab_camera.png; sourceTree = "<group>"; };
		356E6A78185AE23E002A1014 /* main_tab_decoration_off.png */ = {isa = PBXFileReference; lastKnownFileType = image.png; path = main_tab_decoration_off.png; sourceTree = "<group>"; };
		356E6A79185AE23E002A1014 /* main_tab_decoration_on.png */ = {isa = PBXFileReference; lastKnownFileType = image.png; path = main_tab_decoration_on.png; sourceTree = "<group>"; };
		356E6A7A185AE23E002A1014 /* main_tab_osusume_off.png */ = {isa = PBXFileReference; lastKnownFileType = image.png; path = main_tab_osusume_off.png; sourceTree = "<group>"; };
		356E6A7B185AE23E002A1014 /* main_tab_osusume_on.png */ = {isa = PBXFileReference; lastKnownFileType = image.png; path = main_tab_osusume_on.png; sourceTree = "<group>"; };
		356E6A7C185AE23E002A1014 /* main_tab_setting_off.png */ = {isa = PBXFileReference; lastKnownFileType = image.png; path = main_tab_setting_off.png; sourceTree = "<group>"; };
		356E6A7D185AE23E002A1014 /* main_tab_setting_on.png */ = {isa = PBXFileReference; lastKnownFileType = image.png; path = main_tab_setting_on.png; sourceTree = "<group>"; };
		356E6A7E185AE23E002A1014 /* main_tab_sound_off.png */ = {isa = PBXFileReference; lastKnownFileType = image.png; path = main_tab_sound_off.png; sourceTree = "<group>"; };
		356E6A7F185AE23E002A1014 /* main_tab_sound_on.png */ = {isa = PBXFileReference; lastKnownFileType = image.png; path = main_tab_sound_on.png; sourceTree = "<group>"; };
		356E6A89185AFBF3002A1014 /* Public.h */ = {isa = PBXFileReference; fileEncoding = 4; lastKnownFileType = sourcecode.c.h; path = Public.h; sourceTree = "<group>"; };
		356E6A8C185B15FB002A1014 /* DataManager.h */ = {isa = PBXFileReference; fileEncoding = 4; lastKnownFileType = sourcecode.c.h; path = DataManager.h; sourceTree = "<group>"; };
		356E6A8D185B15FB002A1014 /* DataManager.m */ = {isa = PBXFileReference; fileEncoding = 4; lastKnownFileType = sourcecode.c.objc; path = DataManager.m; sourceTree = "<group>"; };
		35ADB3D71861B9DF009647C8 /* Music.h */ = {isa = PBXFileReference; fileEncoding = 4; lastKnownFileType = sourcecode.c.h; path = Music.h; sourceTree = "<group>"; };
		35ADB3D81861B9DF009647C8 /* Music.m */ = {isa = PBXFileReference; fileEncoding = 4; lastKnownFileType = sourcecode.c.objc; path = Music.m; sourceTree = "<group>"; };
		9571A20C185C917A003D3285 /* camera.storyboard */ = {isa = PBXFileReference; fileEncoding = 4; lastKnownFileType = file.storyboard; path = camera.storyboard; sourceTree = "<group>"; };
		9571A20E185C975D003D3285 /* shoot_camera_button_1.png */ = {isa = PBXFileReference; lastKnownFileType = image.png; path = shoot_camera_button_1.png; sourceTree = "<group>"; };
		9571A20F185C975D003D3285 /* shoot_camera_button_2.png */ = {isa = PBXFileReference; lastKnownFileType = image.png; path = shoot_camera_button_2.png; sourceTree = "<group>"; };
		9571A210185C975D003D3285 /* shoot_camera_button_bg.png */ = {isa = PBXFileReference; lastKnownFileType = image.png; path = shoot_camera_button_bg.png; sourceTree = "<group>"; };
		9571A211185C975D003D3285 /* shoot_sound_button.png */ = {isa = PBXFileReference; lastKnownFileType = image.png; path = shoot_sound_button.png; sourceTree = "<group>"; };
		9571A212185C975D003D3285 /* shot_back.png */ = {isa = PBXFileReference; lastKnownFileType = image.png; path = shot_back.png; sourceTree = "<group>"; };
		9571A213185C975D003D3285 /* shot_button_bg.png */ = {isa = PBXFileReference; lastKnownFileType = image.png; path = shot_button_bg.png; sourceTree = "<group>"; };
		9571A214185C975D003D3285 /* shot_flash_off.png */ = {isa = PBXFileReference; lastKnownFileType = image.png; path = shot_flash_off.png; sourceTree = "<group>"; };
		9571A215185C975D003D3285 /* shot_flash_on.png */ = {isa = PBXFileReference; lastKnownFileType = image.png; path = shot_flash_on.png; sourceTree = "<group>"; };
		9571A216185C975D003D3285 /* shot_kirikae.png */ = {isa = PBXFileReference; lastKnownFileType = image.png; path = shot_kirikae.png; sourceTree = "<group>"; };
		9571A217185C975D003D3285 /* shot_size_1_1.png */ = {isa = PBXFileReference; lastKnownFileType = image.png; path = shot_size_1_1.png; sourceTree = "<group>"; };
		9571A218185C975D003D3285 /* shot_size_4_3.png */ = {isa = PBXFileReference; lastKnownFileType = image.png; path = shot_size_4_3.png; sourceTree = "<group>"; };
		9571A224185C9C3A003D3285 /* CameraController.h */ = {isa = PBXFileReference; fileEncoding = 4; lastKnownFileType = sourcecode.c.h; path = CameraController.h; sourceTree = "<group>"; };
		9571A225185C9C3A003D3285 /* CameraController.m */ = {isa = PBXFileReference; fileEncoding = 4; lastKnownFileType = sourcecode.c.objc; path = CameraController.m; sourceTree = "<group>"; };
		9571A444185CA0A6003D3285 /* ImageIO.framework */ = {isa = PBXFileReference; lastKnownFileType = wrapper.framework; name = ImageIO.framework; path = System/Library/Frameworks/ImageIO.framework; sourceTree = SDKROOT; };
		9571A446185CA0AD003D3285 /* OpenGLES.framework */ = {isa = PBXFileReference; lastKnownFileType = wrapper.framework; name = OpenGLES.framework; path = System/Library/Frameworks/OpenGLES.framework; sourceTree = SDKROOT; };
		9571A448185CA0B3003D3285 /* AVFoundation.framework */ = {isa = PBXFileReference; lastKnownFileType = wrapper.framework; name = AVFoundation.framework; path = System/Library/Frameworks/AVFoundation.framework; sourceTree = SDKROOT; };
		9571A44A185CA0BC003D3285 /* CoreMedia.framework */ = {isa = PBXFileReference; lastKnownFileType = wrapper.framework; name = CoreMedia.framework; path = System/Library/Frameworks/CoreMedia.framework; sourceTree = SDKROOT; };
		9571A44C185CA0C4003D3285 /* CoreVideo.framework */ = {isa = PBXFileReference; lastKnownFileType = wrapper.framework; name = CoreVideo.framework; path = System/Library/Frameworks/CoreVideo.framework; sourceTree = SDKROOT; };
		9571A44E185CA0CD003D3285 /* QuartzCore.framework */ = {isa = PBXFileReference; lastKnownFileType = wrapper.framework; name = QuartzCore.framework; path = System/Library/Frameworks/QuartzCore.framework; sourceTree = SDKROOT; };
/* End PBXFileReference section */

/* Begin PBXFrameworksBuildPhase section */
		354467E7185AD419005AB0D9 /* Frameworks */ = {
			isa = PBXFrameworksBuildPhase;
			buildActionMask = 2147483647;
			files = (
				2E69362C185DF8FD000C95F5 /* libsqlite3.dylib in Frameworks */,
				9571A44F185CA0CD003D3285 /* QuartzCore.framework in Frameworks */,
				9571A44D185CA0C4003D3285 /* CoreVideo.framework in Frameworks */,
				9571A44B185CA0BC003D3285 /* CoreMedia.framework in Frameworks */,
				9571A449185CA0B3003D3285 /* AVFoundation.framework in Frameworks */,
				9571A447185CA0AD003D3285 /* OpenGLES.framework in Frameworks */,
				9571A445185CA0A6003D3285 /* ImageIO.framework in Frameworks */,
				354467F0185AD419005AB0D9 /* CoreGraphics.framework in Frameworks */,
				354467F2185AD419005AB0D9 /* UIKit.framework in Frameworks */,
				354467EE185AD419005AB0D9 /* Foundation.framework in Frameworks */,
			);
			runOnlyForDeploymentPostprocessing = 0;
		};
		35446808185AD419005AB0D9 /* Frameworks */ = {
			isa = PBXFrameworksBuildPhase;
			buildActionMask = 2147483647;
			files = (
				3544680D185AD419005AB0D9 /* XCTest.framework in Frameworks */,
				3544680F185AD419005AB0D9 /* UIKit.framework in Frameworks */,
				3544680E185AD419005AB0D9 /* Foundation.framework in Frameworks */,
			);
			runOnlyForDeploymentPostprocessing = 0;
		};
/* End PBXFrameworksBuildPhase section */

/* Begin PBXGroup section */
		2E44DAB4185CA2BA00C5C1DC /* Sounds */ = {
			isa = PBXGroup;
			children = (
				356E6A6A185ADE5E002A1014 /* SoundsViewController.h */,
				356E6A6B185ADE5E002A1014 /* SoundsViewController.m */,
				2E44DAB5185CA34C00C5C1DC /* SoundsRecordViewController.h */,
				2E44DAB6185CA34C00C5C1DC /* SoundsRecordViewController.m */,
				2E44DABE185CA7A900C5C1DC /* SoundsListViewController.h */,
				2E44DABF185CA7AA00C5C1DC /* SoundsListViewController.m */,
				2E44DAC1185CADEC00C5C1DC /* SoundsRepeatViewController.h */,
				2E44DAC2185CADEC00C5C1DC /* SoundsRepeatViewController.m */,
			);
			name = Sounds;
			sourceTree = "<group>";
		};
		2E6409BB1861EA2A0080E903 /* data */ = {
			isa = PBXGroup;
			children = (
				2E6409BC1861EA4F0080E903 /* default01.wav */,
				2E6409BD1861EA4F0080E903 /* default02.wav */,
				2E6409BE1861EA4F0080E903 /* default03.wav */,
				2E6409C01861EA4F0080E903 /* music.sqlite */,
			);
			name = data;
			sourceTree = "<group>";
		};
		2E693616185DF7B5000C95F5 /* FMDB */ = {
			isa = PBXGroup;
			children = (
				2E693617185DF7B5000C95F5 /* DBAccress.h */,
				2E693618185DF7B5000C95F5 /* DBAccress.m */,
				2E693619185DF7B5000C95F5 /* FMDatabase.h */,
				2E69361A185DF7B5000C95F5 /* FMDatabase.m */,
				2E69361B185DF7B5000C95F5 /* FMDatabaseAdditions.h */,
				2E69361C185DF7B5000C95F5 /* FMDatabaseAdditions.m */,
				2E69361D185DF7B5000C95F5 /* FMDatabasePool.h */,
				2E69361E185DF7B5000C95F5 /* FMDatabasePool.m */,
				2E69361F185DF7B5000C95F5 /* FMDatabaseQueue.h */,
				2E693620185DF7B5000C95F5 /* FMDatabaseQueue.m */,
				2E693621185DF7B5000C95F5 /* FMResultSet.h */,
				2E693622185DF7B5000C95F5 /* FMResultSet.m */,
				2E693623185DF7B5000C95F5 /* TmpFile */,
			);
			path = FMDB;
			sourceTree = "<group>";
		};
		2EB0A32D185C07C000C226DF /* image */ = {
			isa = PBXGroup;
			children = (
				2E6409C61861F60D0080E903 /* check.png */,
				2E6409C71861F60D0080E903 /* list_1.png */,
				2E6409C81861F60D0080E903 /* list_2.png */,
				2E6409C91861F60D0080E903 /* list_3.png */,
				2EE5AF9C18608B4600A35754 /* button_camera_roll.png */,
				2EE5AF981860781000A35754 /* sleep_mode_off.png */,
				2EE5AF991860781000A35754 /* sleep_mode_on.png */,
				2E693610185DE2D5000C95F5 /* recording_play.png */,
				2E693611185DE2D5000C95F5 /* recording_rec.png */,
				2E693612185DE2D5000C95F5 /* recording_stop.png */,
				2E69360C185DE05B000C95F5 /* recording_bg_2.png */,
				2E69360D185DE05B000C95F5 /* recording_bg.png */,
				2E44DAC6185CB0B900C5C1DC /* header_sound_re.png */,
				2E44DAC4185CAF7500C5C1DC /* header_sound_list.png */,
				2E44DABA185CA63600C5C1DC /* button_back.png */,
				2E44DABB185CA63600C5C1DC /* button_save.png */,
				2E44DAB8185CA3FE00C5C1DC /* header_recording.png */,
				2E44DAB2185C9EAE00C5C1DC /* recording_button.png */,
				2E44DAAE185C9D7000C5C1DC /* setting_sound_image_960.png */,
				2E44DAAF185C9D7000C5C1DC /* setting_sound_image_1136.png */,
				2E44DAAA185C9BB900C5C1DC /* record_sound_setting.png */,
				2E44DAAB185C9BB900C5C1DC /* recorded_sound.png */,
				2E44DAA8185C9AA600C5C1DC /* sound_setting_now.png */,
				9571A20E185C975D003D3285 /* shoot_camera_button_1.png */,
				9571A20F185C975D003D3285 /* shoot_camera_button_2.png */,
				9571A210185C975D003D3285 /* shoot_camera_button_bg.png */,
				9571A211185C975D003D3285 /* shoot_sound_button.png */,
				9571A212185C975D003D3285 /* shot_back.png */,
				9571A213185C975D003D3285 /* shot_button_bg.png */,
				9571A214185C975D003D3285 /* shot_flash_off.png */,
				9571A215185C975D003D3285 /* shot_flash_on.png */,
				9571A216185C975D003D3285 /* shot_kirikae.png */,
				9571A217185C975D003D3285 /* shot_size_1_1.png */,
				9571A218185C975D003D3285 /* shot_size_4_3.png */,
				2EE5AF94186077BA00A35754 /* sound_setting_now_list1.png */,
				2EE5AF95186077BA00A35754 /* sound_setting_now_list2.png */,
				2EB0A348185C745200C226DF /* sleep_mode.png */,
				2EB0A346185C5A3800C226DF /* share_announce.png */,
				2EB0A33A185C585B00C226DF /* share_arrow.png */,
				2EB0A33B185C585B00C226DF /* share_sns_bg.png */,
				2EB0A33C185C585B00C226DF /* share_sns_facebook.png */,
				2EB0A33D185C585B00C226DF /* share_sns_line.png */,
				2EB0A33E185C585B00C226DF /* share_sns_mail.png */,
				2EB0A33F185C585B00C226DF /* share_sns_twitter.png */,
				2EB0A338185C567800C226DF /* share_save_pop.png */,
				2EB0A336185C381600C226DF /* button_top.png */,
				2EB0A334185C37EE00C226DF /* header_share.png */,
				2EB0A332185C2FB400C226DF /* header_sound_setting.png */,
				2EB0A32E185C07C000C226DF /* mama_camera_top_1136.png */,
				2EB0A32F185C07C000C226DF /* mama_camera_top_960.png */,
			);
			path = image;
			sourceTree = "<group>";
		};
		354467E1185AD419005AB0D9 = {
			isa = PBXGroup;
			children = (
				354467F3185AD419005AB0D9 /* TheMusicCamera */,
				35446812185AD419005AB0D9 /* TheMusicCameraTests */,
				354467EC185AD419005AB0D9 /* Frameworks */,
				354467EB185AD419005AB0D9 /* Products */,
			);
			sourceTree = "<group>";
		};
		354467EB185AD419005AB0D9 /* Products */ = {
			isa = PBXGroup;
			children = (
				354467EA185AD419005AB0D9 /* TheMusicCamera.app */,
				3544680B185AD419005AB0D9 /* TheMusicCameraTests.xctest */,
			);
			name = Products;
			sourceTree = "<group>";
		};
		354467EC185AD419005AB0D9 /* Frameworks */ = {
			isa = PBXGroup;
			children = (
				2E69362B185DF8FD000C95F5 /* libsqlite3.dylib */,
				9571A44E185CA0CD003D3285 /* QuartzCore.framework */,
				9571A44C185CA0C4003D3285 /* CoreVideo.framework */,
				9571A44A185CA0BC003D3285 /* CoreMedia.framework */,
				9571A448185CA0B3003D3285 /* AVFoundation.framework */,
				9571A446185CA0AD003D3285 /* OpenGLES.framework */,
				9571A444185CA0A6003D3285 /* ImageIO.framework */,
				354467ED185AD419005AB0D9 /* Foundation.framework */,
				354467EF185AD419005AB0D9 /* CoreGraphics.framework */,
				354467F1185AD419005AB0D9 /* UIKit.framework */,
				3544680C185AD419005AB0D9 /* XCTest.framework */,
			);
			name = Frameworks;
			sourceTree = "<group>";
		};
		354467F3185AD419005AB0D9 /* TheMusicCamera */ = {
			isa = PBXGroup;
			children = (
				95C116781861FE3A008391BB /* colortracking */,
				356E6A8C185B15FB002A1014 /* DataManager.h */,
				356E6A8D185B15FB002A1014 /* DataManager.m */,
				35ADB3D71861B9DF009647C8 /* Music.h */,
				35ADB3D81861B9DF009647C8 /* Music.m */,
				2E693616185DF7B5000C95F5 /* FMDB */,
				9571A20B185C917A003D3285 /* camera */,
				356E6A60185AD973002A1014 /* GTTabBar */,
				354467FC185AD419005AB0D9 /* AppDelegate.h */,
				354467FD185AD419005AB0D9 /* AppDelegate.m */,
				354467FF185AD419005AB0D9 /* Main.storyboard */,
				35446802185AD419005AB0D9 /* ViewController.h */,
				35446803185AD419005AB0D9 /* ViewController.m */,
				356E6A67185ADE2A002A1014 /* BeautifiedPictureViewController.h */,
				356E6A68185ADE2A002A1014 /* BeautifiedPictureViewController.m */,
				2E44DAB4185CA2BA00C5C1DC /* Sounds */,
				356E6A6D185ADE76002A1014 /* PhontoViewController.h */,
				356E6A6E185ADE76002A1014 /* PhontoViewController.m */,
				356E6A70185ADE88002A1014 /* SettingViewController.h */,
				356E6A71185ADE88002A1014 /* SettingViewController.m */,
				356E6A73185ADE97002A1014 /* ShareViewController.h */,
				356E6A74185ADE97002A1014 /* ShareViewController.m */,
				356E6A89185AFBF3002A1014 /* Public.h */,
				35446805185AD419005AB0D9 /* Images.xcassets */,
				354467F4185AD419005AB0D9 /* Supporting Files */,
			);
			path = TheMusicCamera;
			sourceTree = "<group>";
		};
		354467F4185AD419005AB0D9 /* Supporting Files */ = {
			isa = PBXGroup;
			children = (
				2E6409BB1861EA2A0080E903 /* data */,
				2EB0A32D185C07C000C226DF /* image */,
				356E6A76185AE23E002A1014 /* tabbarimage */,
				356E6A41185AD70F002A1014 /* iconimage */,
				354467F5185AD419005AB0D9 /* TheMusicCamera-Info.plist */,
				354467F6185AD419005AB0D9 /* InfoPlist.strings */,
				354467F9185AD419005AB0D9 /* main.m */,
				354467FB185AD419005AB0D9 /* TheMusicCamera-Prefix.pch */,
			);
			name = "Supporting Files";
			sourceTree = "<group>";
		};
		35446812185AD419005AB0D9 /* TheMusicCameraTests */ = {
			isa = PBXGroup;
			children = (
				35446818185AD419005AB0D9 /* TheMusicCameraTests.m */,
				35446813185AD419005AB0D9 /* Supporting Files */,
			);
			path = TheMusicCameraTests;
			sourceTree = "<group>";
		};
		35446813185AD419005AB0D9 /* Supporting Files */ = {
			isa = PBXGroup;
			children = (
				35446814185AD419005AB0D9 /* TheMusicCameraTests-Info.plist */,
				35446815185AD419005AB0D9 /* InfoPlist.strings */,
			);
			name = "Supporting Files";
			sourceTree = "<group>";
		};
		356E6A41185AD70F002A1014 /* iconimage */ = {
			isa = PBXGroup;
			children = (
				356E6A42185AD70F002A1014 /* icon-60@2x.png */,
				356E6A43185AD70F002A1014 /* icon-72.png */,
				356E6A44185AD70F002A1014 /* Icon-72@2x.png */,
				356E6A45185AD70F002A1014 /* icon-76.png */,
				356E6A46185AD70F002A1014 /* icon-76@2x.png */,
				356E6A47185AD70F002A1014 /* Icon-Small-40.png */,
				356E6A48185AD70F002A1014 /* Icon-Small-40@2x.png */,
				356E6A49185AD70F002A1014 /* icon-small-50.png */,
				356E6A4A185AD70F002A1014 /* Icon-Small-50@2x.png */,
				356E6A4B185AD70F002A1014 /* icon-small.png */,
				356E6A4C185AD70F002A1014 /* icon-small@2x.png */,
				356E6A4D185AD70F002A1014 /* icon.png */,
				356E6A4E185AD70F002A1014 /* icon@2x.png */,
				356E6A4F185AD70F002A1014 /* icon_117.png */,
				356E6A50185AD70F002A1014 /* iTunesArtwork.png */,
			);
			path = iconimage;
			sourceTree = "<group>";
		};
		356E6A60185AD973002A1014 /* GTTabBar */ = {
			isa = PBXGroup;
			children = (
				356E6A61185AD973002A1014 /* GTTabBar.h */,
				356E6A62185AD973002A1014 /* GTTabBar.m */,
				356E6A63185AD973002A1014 /* GTTabBarController.h */,
				356E6A64185AD973002A1014 /* GTTabBarController.m */,
			);
			path = GTTabBar;
			sourceTree = "<group>";
		};
		356E6A76185AE23E002A1014 /* tabbarimage */ = {
			isa = PBXGroup;
			children = (
				356E6A77185AE23E002A1014 /* main_tab_camera.png */,
				356E6A78185AE23E002A1014 /* main_tab_decoration_off.png */,
				356E6A79185AE23E002A1014 /* main_tab_decoration_on.png */,
				356E6A7A185AE23E002A1014 /* main_tab_osusume_off.png */,
				356E6A7B185AE23E002A1014 /* main_tab_osusume_on.png */,
				356E6A7C185AE23E002A1014 /* main_tab_setting_off.png */,
				356E6A7D185AE23E002A1014 /* main_tab_setting_on.png */,
				356E6A7E185AE23E002A1014 /* main_tab_sound_off.png */,
				356E6A7F185AE23E002A1014 /* main_tab_sound_on.png */,
			);
			path = tabbarimage;
			sourceTree = "<group>";
		};
		9571A20B185C917A003D3285 /* camera */ = {
			isa = PBXGroup;
			children = (
				9571A20C185C917A003D3285 /* camera.storyboard */,
				9571A224185C9C3A003D3285 /* CameraController.h */,
				9571A225185C9C3A003D3285 /* CameraController.m */,
			);
			path = camera;
			sourceTree = "<group>";
		};
		95C116781861FE3A008391BB /* colortracking */ = {
			isa = PBXGroup;
			children = (
			);
			path = colortracking;
			sourceTree = "<group>";
		};
/* End PBXGroup section */

/* Begin PBXNativeTarget section */
		354467E9185AD419005AB0D9 /* TheMusicCamera */ = {
			isa = PBXNativeTarget;
			buildConfigurationList = 3544681C185AD419005AB0D9 /* Build configuration list for PBXNativeTarget "TheMusicCamera" */;
			buildPhases = (
				354467E6185AD419005AB0D9 /* Sources */,
				354467E7185AD419005AB0D9 /* Frameworks */,
				354467E8185AD419005AB0D9 /* Resources */,
			);
			buildRules = (
			);
			dependencies = (
			);
			name = TheMusicCamera;
			productName = TheMusicCamera;
			productReference = 354467EA185AD419005AB0D9 /* TheMusicCamera.app */;
			productType = "com.apple.product-type.application";
		};
		3544680A185AD419005AB0D9 /* TheMusicCameraTests */ = {
			isa = PBXNativeTarget;
			buildConfigurationList = 3544681F185AD419005AB0D9 /* Build configuration list for PBXNativeTarget "TheMusicCameraTests" */;
			buildPhases = (
				35446807185AD419005AB0D9 /* Sources */,
				35446808185AD419005AB0D9 /* Frameworks */,
				35446809185AD419005AB0D9 /* Resources */,
			);
			buildRules = (
			);
			dependencies = (
				35446811185AD419005AB0D9 /* PBXTargetDependency */,
			);
			name = TheMusicCameraTests;
			productName = TheMusicCameraTests;
			productReference = 3544680B185AD419005AB0D9 /* TheMusicCameraTests.xctest */;
			productType = "com.apple.product-type.bundle.unit-test";
		};
/* End PBXNativeTarget section */

/* Begin PBXProject section */
		354467E2185AD419005AB0D9 /* Project object */ = {
			isa = PBXProject;
			attributes = {
				LastUpgradeCheck = 0500;
				ORGANIZATIONNAME = songl;
				TargetAttributes = {
					3544680A185AD419005AB0D9 = {
						TestTargetID = 354467E9185AD419005AB0D9;
					};
				};
			};
			buildConfigurationList = 354467E5185AD419005AB0D9 /* Build configuration list for PBXProject "TheMusicCamera" */;
			compatibilityVersion = "Xcode 3.2";
			developmentRegion = English;
			hasScannedForEncodings = 0;
			knownRegions = (
				en,
				Base,
			);
			mainGroup = 354467E1185AD419005AB0D9;
			productRefGroup = 354467EB185AD419005AB0D9 /* Products */;
			projectDirPath = "";
			projectRoot = "";
			targets = (
				354467E9185AD419005AB0D9 /* TheMusicCamera */,
				3544680A185AD419005AB0D9 /* TheMusicCameraTests */,
			);
		};
/* End PBXProject section */

/* Begin PBXResourcesBuildPhase section */
		354467E8185AD419005AB0D9 /* Resources */ = {
			isa = PBXResourcesBuildPhase;
			buildActionMask = 2147483647;
			files = (
				2E44DAB0185C9D7000C5C1DC /* setting_sound_image_960.png in Resources */,
				2E44DAB1185C9D7000C5C1DC /* setting_sound_image_1136.png in Resources */,
				356E6A83185AE23E002A1014 /* main_tab_osusume_off.png in Resources */,
				2E44DAC5185CAF7500C5C1DC /* header_sound_list.png in Resources */,
				356E6A52185AD70F002A1014 /* icon-72.png in Resources */,
				356E6A80185AE23E002A1014 /* main_tab_camera.png in Resources */,
				2EB0A339185C567800C226DF /* share_save_pop.png in Resources */,
				2E44DAB3185C9EAE00C5C1DC /* recording_button.png in Resources */,
				2EE5AF97186077BA00A35754 /* sound_setting_now_list2.png in Resources */,
				356E6A5D185AD70F002A1014 /* icon@2x.png in Resources */,
				2EB0A340185C585B00C226DF /* share_arrow.png in Resources */,
				2EB0A347185C5A3800C226DF /* share_announce.png in Resources */,
				356E6A57185AD70F002A1014 /* Icon-Small-40@2x.png in Resources */,
				2EB0A344185C585B00C226DF /* share_sns_mail.png in Resources */,
				356E6A58185AD70F002A1014 /* icon-small-50.png in Resources */,
				356E6A82185AE23E002A1014 /* main_tab_decoration_on.png in Resources */,
				356E6A5A185AD70F002A1014 /* icon-small.png in Resources */,
				356E6A81185AE23E002A1014 /* main_tab_decoration_off.png in Resources */,
				9571A21B185C975D003D3285 /* shoot_camera_button_bg.png in Resources */,
				2EB0A333185C2FB400C226DF /* header_sound_setting.png in Resources */,
				356E6A5E185AD70F002A1014 /* icon_117.png in Resources */,
				2EB0A341185C585B00C226DF /* share_sns_bg.png in Resources */,
				356E6A5F185AD70F002A1014 /* iTunesArtwork.png in Resources */,
				9571A223185C975D003D3285 /* shot_size_4_3.png in Resources */,
				9571A20D185C917A003D3285 /* camera.storyboard in Resources */,
				2E44DAB9185CA3FE00C5C1DC /* header_recording.png in Resources */,
				2E6409CA1861F60D0080E903 /* check.png in Resources */,
				9571A21F185C975D003D3285 /* shot_flash_off.png in Resources */,
				2E6409C11861EA4F0080E903 /* default01.wav in Resources */,
				2EB0A345185C585B00C226DF /* share_sns_twitter.png in Resources */,
				2EB0A330185C07C000C226DF /* mama_camera_top_1136.png in Resources */,
				9571A219185C975D003D3285 /* shoot_camera_button_1.png in Resources */,
				9571A221185C975D003D3285 /* shot_kirikae.png in Resources */,
				2EB0A342185C585B00C226DF /* share_sns_facebook.png in Resources */,
				2EE5AF96186077BA00A35754 /* sound_setting_now_list1.png in Resources */,
				2E44DAAD185C9BB900C5C1DC /* recorded_sound.png in Resources */,
				356E6A84185AE23E002A1014 /* main_tab_osusume_on.png in Resources */,
				35446806185AD419005AB0D9 /* Images.xcassets in Resources */,
				2E6409C21861EA4F0080E903 /* default02.wav in Resources */,
				2EB0A337185C381600C226DF /* button_top.png in Resources */,
				356E6A53185AD70F002A1014 /* Icon-72@2x.png in Resources */,
				9571A21C185C975D003D3285 /* shoot_sound_button.png in Resources */,
				2EE5AF9B1860781000A35754 /* sleep_mode_on.png in Resources */,
				9571A220185C975D003D3285 /* shot_flash_on.png in Resources */,
				2E44DAA9185C9AA600C5C1DC /* sound_setting_now.png in Resources */,
				356E6A88185AE23E002A1014 /* main_tab_sound_on.png in Resources */,
				2E6409C51861EA4F0080E903 /* music.sqlite in Resources */,
				9571A222185C975D003D3285 /* shot_size_1_1.png in Resources */,
				356E6A56185AD70F002A1014 /* Icon-Small-40.png in Resources */,
				356E6A59185AD70F002A1014 /* Icon-Small-50@2x.png in Resources */,
				2E69360F185DE05B000C95F5 /* recording_bg.png in Resources */,
				354467F8185AD419005AB0D9 /* InfoPlist.strings in Resources */,
				2E6409CC1861F60D0080E903 /* list_2.png in Resources */,
				2E44DABD185CA63600C5C1DC /* button_save.png in Resources */,
				35446801185AD419005AB0D9 /* Main.storyboard in Resources */,
				2E69362A185DF7B5000C95F5 /* TmpFile in Resources */,
				9571A21D185C975D003D3285 /* shot_back.png in Resources */,
				2EB0A331185C07C000C226DF /* mama_camera_top_960.png in Resources */,
				2EB0A343185C585B00C226DF /* share_sns_line.png in Resources */,
				2EE5AF9A1860781000A35754 /* sleep_mode_off.png in Resources */,
				356E6A51185AD70F002A1014 /* icon-60@2x.png in Resources */,
				2E693613185DE2D5000C95F5 /* recording_play.png in Resources */,
				2E44DABC185CA63600C5C1DC /* button_back.png in Resources */,
				2E44DAAC185C9BB900C5C1DC /* record_sound_setting.png in Resources */,
				2E693615185DE2D5000C95F5 /* recording_stop.png in Resources */,
				356E6A5C185AD70F002A1014 /* icon.png in Resources */,
				2E69360E185DE05B000C95F5 /* recording_bg_2.png in Resources */,
				9571A21E185C975D003D3285 /* shot_button_bg.png in Resources */,
				356E6A87185AE23E002A1014 /* main_tab_sound_off.png in Resources */,
				356E6A5B185AD70F002A1014 /* icon-small@2x.png in Resources */,
				2E6409CD1861F60D0080E903 /* list_3.png in Resources */,
				9571A21A185C975D003D3285 /* shoot_camera_button_2.png in Resources */,
				2E693614185DE2D5000C95F5 /* recording_rec.png in Resources */,
				2EB0A349185C745200C226DF /* sleep_mode.png in Resources */,
				2EB0A335185C37EE00C226DF /* header_share.png in Resources */,
				2E6409C31861EA4F0080E903 /* default03.wav in Resources */,
				2EE5AF9D18608B4600A35754 /* button_camera_roll.png in Resources */,
				2E44DAC7185CB0B900C5C1DC /* header_sound_re.png in Resources */,
				356E6A85185AE23E002A1014 /* main_tab_setting_off.png in Resources */,
				356E6A55185AD70F002A1014 /* icon-76@2x.png in Resources */,
				356E6A86185AE23E002A1014 /* main_tab_setting_on.png in Resources */,
				2E6409CB1861F60D0080E903 /* list_1.png in Resources */,
				356E6A54185AD70F002A1014 /* icon-76.png in Resources */,
			);
			runOnlyForDeploymentPostprocessing = 0;
		};
		35446809185AD419005AB0D9 /* Resources */ = {
			isa = PBXResourcesBuildPhase;
			buildActionMask = 2147483647;
			files = (
				35446817185AD419005AB0D9 /* InfoPlist.strings in Resources */,
			);
			runOnlyForDeploymentPostprocessing = 0;
		};
/* End PBXResourcesBuildPhase section */

/* Begin PBXSourcesBuildPhase section */
		354467E6185AD419005AB0D9 /* Sources */ = {
			isa = PBXSourcesBuildPhase;
			buildActionMask = 2147483647;
			files = (
				2E693624185DF7B5000C95F5 /* DBAccress.m in Sources */,
				356E6A6F185ADE76002A1014 /* PhontoViewController.m in Sources */,
				2E693627185DF7B5000C95F5 /* FMDatabasePool.m in Sources */,
				356E6A65185AD973002A1014 /* GTTabBar.m in Sources */,
				2E44DAC0185CA7AA00C5C1DC /* SoundsListViewController.m in Sources */,
				2E693628185DF7B5000C95F5 /* FMDatabaseQueue.m in Sources */,
				2E693625185DF7B5000C95F5 /* FMDatabase.m in Sources */,
				2E693626185DF7B5000C95F5 /* FMDatabaseAdditions.m in Sources */,
				356E6A69185ADE2A002A1014 /* BeautifiedPictureViewController.m in Sources */,
				2E693629185DF7B5000C95F5 /* FMResultSet.m in Sources */,
				35446804185AD419005AB0D9 /* ViewController.m in Sources */,
				2E44DAC3185CADEC00C5C1DC /* SoundsRepeatViewController.m in Sources */,
				2E44DAB7185CA34C00C5C1DC /* SoundsRecordViewController.m in Sources */,
				356E6A6C185ADE5E002A1014 /* SoundsViewController.m in Sources */,
				356E6A72185ADE88002A1014 /* SettingViewController.m in Sources */,
				354467FE185AD419005AB0D9 /* AppDelegate.m in Sources */,
				354467FA185AD419005AB0D9 /* main.m in Sources */,
				35ADB3D91861B9DF009647C8 /* Music.m in Sources */,
				356E6A75185ADE97002A1014 /* ShareViewController.m in Sources */,
				356E6A8E185B15FC002A1014 /* DataManager.m in Sources */,
				9571A226185C9C3A003D3285 /* CameraController.m in Sources */,
				356E6A66185AD973002A1014 /* GTTabBarController.m in Sources */,
			);
			runOnlyForDeploymentPostprocessing = 0;
		};
		35446807185AD419005AB0D9 /* Sources */ = {
			isa = PBXSourcesBuildPhase;
			buildActionMask = 2147483647;
			files = (
				35446819185AD419005AB0D9 /* TheMusicCameraTests.m in Sources */,
			);
			runOnlyForDeploymentPostprocessing = 0;
		};
/* End PBXSourcesBuildPhase section */

/* Begin PBXTargetDependency section */
		35446811185AD419005AB0D9 /* PBXTargetDependency */ = {
			isa = PBXTargetDependency;
			target = 354467E9185AD419005AB0D9 /* TheMusicCamera */;
			targetProxy = 35446810185AD419005AB0D9 /* PBXContainerItemProxy */;
		};
/* End PBXTargetDependency section */

/* Begin PBXVariantGroup section */
		354467F6185AD419005AB0D9 /* InfoPlist.strings */ = {
			isa = PBXVariantGroup;
			children = (
				354467F7185AD419005AB0D9 /* en */,
			);
			name = InfoPlist.strings;
			sourceTree = "<group>";
		};
		354467FF185AD419005AB0D9 /* Main.storyboard */ = {
			isa = PBXVariantGroup;
			children = (
				35446800185AD419005AB0D9 /* Base */,
			);
			name = Main.storyboard;
			sourceTree = "<group>";
		};
		35446815185AD419005AB0D9 /* InfoPlist.strings */ = {
			isa = PBXVariantGroup;
			children = (
				35446816185AD419005AB0D9 /* en */,
			);
			name = InfoPlist.strings;
			sourceTree = "<group>";
		};
/* End PBXVariantGroup section */

/* Begin XCBuildConfiguration section */
		3544681A185AD419005AB0D9 /* Debug */ = {
			isa = XCBuildConfiguration;
			buildSettings = {
				ALWAYS_SEARCH_USER_PATHS = NO;
				ARCHS = "$(ARCHS_STANDARD_INCLUDING_64_BIT)";
				CLANG_CXX_LANGUAGE_STANDARD = "gnu++0x";
				CLANG_CXX_LIBRARY = "libc++";
				CLANG_ENABLE_MODULES = YES;
				CLANG_ENABLE_OBJC_ARC = YES;
				CLANG_WARN_BOOL_CONVERSION = YES;
				CLANG_WARN_CONSTANT_CONVERSION = YES;
				CLANG_WARN_DIRECT_OBJC_ISA_USAGE = YES_ERROR;
				CLANG_WARN_EMPTY_BODY = YES;
				CLANG_WARN_ENUM_CONVERSION = YES;
				CLANG_WARN_INT_CONVERSION = YES;
				CLANG_WARN_OBJC_ROOT_CLASS = YES_ERROR;
				CLANG_WARN__DUPLICATE_METHOD_MATCH = YES;
				"CODE_SIGN_IDENTITY[sdk=iphoneos*]" = "iPhone Developer";
				COPY_PHASE_STRIP = NO;
				GCC_C_LANGUAGE_STANDARD = gnu99;
				GCC_DYNAMIC_NO_PIC = NO;
				GCC_OPTIMIZATION_LEVEL = 0;
				GCC_PREPROCESSOR_DEFINITIONS = (
					"DEBUG=1",
					"$(inherited)",
				);
				GCC_SYMBOLS_PRIVATE_EXTERN = NO;
				GCC_WARN_64_TO_32_BIT_CONVERSION = YES;
				GCC_WARN_ABOUT_RETURN_TYPE = YES_ERROR;
				GCC_WARN_UNDECLARED_SELECTOR = YES;
				GCC_WARN_UNINITIALIZED_AUTOS = YES;
				GCC_WARN_UNUSED_FUNCTION = YES;
				GCC_WARN_UNUSED_VARIABLE = YES;
				IPHONEOS_DEPLOYMENT_TARGET = 6.0;
				ONLY_ACTIVE_ARCH = YES;
				SDKROOT = iphoneos;
			};
			name = Debug;
		};
		3544681B185AD419005AB0D9 /* Release */ = {
			isa = XCBuildConfiguration;
			buildSettings = {
				ALWAYS_SEARCH_USER_PATHS = NO;
				ARCHS = "$(ARCHS_STANDARD_INCLUDING_64_BIT)";
				CLANG_CXX_LANGUAGE_STANDARD = "gnu++0x";
				CLANG_CXX_LIBRARY = "libc++";
				CLANG_ENABLE_MODULES = YES;
				CLANG_ENABLE_OBJC_ARC = YES;
				CLANG_WARN_BOOL_CONVERSION = YES;
				CLANG_WARN_CONSTANT_CONVERSION = YES;
				CLANG_WARN_DIRECT_OBJC_ISA_USAGE = YES_ERROR;
				CLANG_WARN_EMPTY_BODY = YES;
				CLANG_WARN_ENUM_CONVERSION = YES;
				CLANG_WARN_INT_CONVERSION = YES;
				CLANG_WARN_OBJC_ROOT_CLASS = YES_ERROR;
				CLANG_WARN__DUPLICATE_METHOD_MATCH = YES;
				"CODE_SIGN_IDENTITY[sdk=iphoneos*]" = "iPhone Developer";
				COPY_PHASE_STRIP = YES;
				ENABLE_NS_ASSERTIONS = NO;
				GCC_C_LANGUAGE_STANDARD = gnu99;
				GCC_WARN_64_TO_32_BIT_CONVERSION = YES;
				GCC_WARN_ABOUT_RETURN_TYPE = YES_ERROR;
				GCC_WARN_UNDECLARED_SELECTOR = YES;
				GCC_WARN_UNINITIALIZED_AUTOS = YES;
				GCC_WARN_UNUSED_FUNCTION = YES;
				GCC_WARN_UNUSED_VARIABLE = YES;
				IPHONEOS_DEPLOYMENT_TARGET = 6.0;
				SDKROOT = iphoneos;
				VALIDATE_PRODUCT = YES;
			};
			name = Release;
		};
		3544681D185AD419005AB0D9 /* Debug */ = {
			isa = XCBuildConfiguration;
			buildSettings = {
				ARCHS = "$(ARCHS_STANDARD)";
				ASSETCATALOG_COMPILER_LAUNCHIMAGE_NAME = LaunchImage;
				CODE_SIGN_IDENTITY = "iPhone Developer: Yang Can (VAP6RMPQC4)";
				FRAMEWORK_SEARCH_PATHS = (
					"$(inherited)",
					/Users/yanglei/Documents/waibao/iphone/TheMusicCamera/TheMusicCamera,
				);
				GCC_C_LANGUAGE_STANDARD = c99;
				GCC_PRECOMPILE_PREFIX_HEADER = YES;
				GCC_PREFIX_HEADER = "TheMusicCamera/TheMusicCamera-Prefix.pch";
				INFOPLIST_FILE = "TheMusicCamera/TheMusicCamera-Info.plist";
				PRODUCT_NAME = "$(TARGET_NAME)";
				PROVISIONING_PROFILE = "4D6F13A6-EA8D-405D-9FAB-A89164CC6A26";
				WRAPPER_EXTENSION = app;
			};
			name = Debug;
		};
		3544681E185AD419005AB0D9 /* Release */ = {
			isa = XCBuildConfiguration;
			buildSettings = {
				ARCHS = "$(ARCHS_STANDARD)";
				ASSETCATALOG_COMPILER_LAUNCHIMAGE_NAME = LaunchImage;
				CODE_SIGN_IDENTITY = "iPhone Developer: Yang Can (VAP6RMPQC4)";
				FRAMEWORK_SEARCH_PATHS = (
					"$(inherited)",
					/Users/yanglei/Documents/waibao/iphone/TheMusicCamera/TheMusicCamera,
				);
				GCC_C_LANGUAGE_STANDARD = c99;
				GCC_PRECOMPILE_PREFIX_HEADER = YES;
				GCC_PREFIX_HEADER = "TheMusicCamera/TheMusicCamera-Prefix.pch";
				INFOPLIST_FILE = "TheMusicCamera/TheMusicCamera-Info.plist";
				PRODUCT_NAME = "$(TARGET_NAME)";
				PROVISIONING_PROFILE = "4D6F13A6-EA8D-405D-9FAB-A89164CC6A26";
				WRAPPER_EXTENSION = app;
			};
			name = Release;
		};
		35446820185AD419005AB0D9 /* Debug */ = {
			isa = XCBuildConfiguration;
			buildSettings = {
				ARCHS = "$(ARCHS_STANDARD_INCLUDING_64_BIT)";
				BUNDLE_LOADER = "$(BUILT_PRODUCTS_DIR)/TheMusicCamera.app/TheMusicCamera";
				FRAMEWORK_SEARCH_PATHS = (
					"$(SDKROOT)/Developer/Library/Frameworks",
					"$(inherited)",
					"$(DEVELOPER_FRAMEWORKS_DIR)",
				);
				GCC_PRECOMPILE_PREFIX_HEADER = YES;
				GCC_PREFIX_HEADER = "TheMusicCamera/TheMusicCamera-Prefix.pch";
				GCC_PREPROCESSOR_DEFINITIONS = (
					"DEBUG=1",
					"$(inherited)",
				);
				INFOPLIST_FILE = "TheMusicCameraTests/TheMusicCameraTests-Info.plist";
				PRODUCT_NAME = "$(TARGET_NAME)";
				TEST_HOST = "$(BUNDLE_LOADER)";
				WRAPPER_EXTENSION = xctest;
			};
			name = Debug;
		};
		35446821185AD419005AB0D9 /* Release */ = {
			isa = XCBuildConfiguration;
			buildSettings = {
				ARCHS = "$(ARCHS_STANDARD_INCLUDING_64_BIT)";
				BUNDLE_LOADER = "$(BUILT_PRODUCTS_DIR)/TheMusicCamera.app/TheMusicCamera";
				FRAMEWORK_SEARCH_PATHS = (
					"$(SDKROOT)/Developer/Library/Frameworks",
					"$(inherited)",
					"$(DEVELOPER_FRAMEWORKS_DIR)",
				);
				GCC_PRECOMPILE_PREFIX_HEADER = YES;
				GCC_PREFIX_HEADER = "TheMusicCamera/TheMusicCamera-Prefix.pch";
				INFOPLIST_FILE = "TheMusicCameraTests/TheMusicCameraTests-Info.plist";
				PRODUCT_NAME = "$(TARGET_NAME)";
				TEST_HOST = "$(BUNDLE_LOADER)";
				WRAPPER_EXTENSION = xctest;
			};
			name = Release;
		};
/* End XCBuildConfiguration section */

/* Begin XCConfigurationList section */
		354467E5185AD419005AB0D9 /* Build configuration list for PBXProject "TheMusicCamera" */ = {
			isa = XCConfigurationList;
			buildConfigurations = (
				3544681A185AD419005AB0D9 /* Debug */,
				3544681B185AD419005AB0D9 /* Release */,
			);
			defaultConfigurationIsVisible = 0;
			defaultConfigurationName = Release;
		};
		3544681C185AD419005AB0D9 /* Build configuration list for PBXNativeTarget "TheMusicCamera" */ = {
			isa = XCConfigurationList;
			buildConfigurations = (
				3544681D185AD419005AB0D9 /* Debug */,
				3544681E185AD419005AB0D9 /* Release */,
			);
			defaultConfigurationIsVisible = 0;
			defaultConfigurationName = Release;
		};
		3544681F185AD419005AB0D9 /* Build configuration list for PBXNativeTarget "TheMusicCameraTests" */ = {
			isa = XCConfigurationList;
			buildConfigurations = (
				35446820185AD419005AB0D9 /* Debug */,
				35446821185AD419005AB0D9 /* Release */,
			);
			defaultConfigurationIsVisible = 0;
			defaultConfigurationName = Release;
		};
/* End XCConfigurationList section */
	};
	rootObject = 354467E2185AD419005AB0D9 /* Project object */;
}
